// !$*UTF8*$!
{
	archiveVersion = 1;
	classes = {
	};
	objectVersion = 46;
	objects = {

/* Begin PBXBuildFile section */
		AD66A87B1B639BD3002F4234 /* UIColor+CQ.m in Sources */ = {isa = PBXBuildFile; fileRef = AD66A87A1B639BD3002F4234 /* UIColor+CQ.m */; };
		AD7896F61B61E3BC004FEF84 /* AFHTTPRequestOperation.m in Sources */ = {isa = PBXBuildFile; fileRef = AD7896E41B61E3BC004FEF84 /* AFHTTPRequestOperation.m */; };
		AD7896F71B61E3BC004FEF84 /* AFHTTPRequestOperationManager.m in Sources */ = {isa = PBXBuildFile; fileRef = AD7896E61B61E3BC004FEF84 /* AFHTTPRequestOperationManager.m */; };
		AD7896F81B61E3BC004FEF84 /* AFHTTPSessionManager.m in Sources */ = {isa = PBXBuildFile; fileRef = AD7896E81B61E3BC004FEF84 /* AFHTTPSessionManager.m */; };
		AD7896F91B61E3BC004FEF84 /* AFNetworkReachabilityManager.m in Sources */ = {isa = PBXBuildFile; fileRef = AD7896EB1B61E3BC004FEF84 /* AFNetworkReachabilityManager.m */; };
		AD7896FA1B61E3BC004FEF84 /* AFSecurityPolicy.m in Sources */ = {isa = PBXBuildFile; fileRef = AD7896ED1B61E3BC004FEF84 /* AFSecurityPolicy.m */; };
		AD7896FB1B61E3BC004FEF84 /* AFURLConnectionOperation.m in Sources */ = {isa = PBXBuildFile; fileRef = AD7896EF1B61E3BC004FEF84 /* AFURLConnectionOperation.m */; };
		AD7896FC1B61E3BC004FEF84 /* AFURLRequestSerialization.m in Sources */ = {isa = PBXBuildFile; fileRef = AD7896F11B61E3BC004FEF84 /* AFURLRequestSerialization.m */; };
		AD7896FD1B61E3BC004FEF84 /* AFURLResponseSerialization.m in Sources */ = {isa = PBXBuildFile; fileRef = AD7896F31B61E3BC004FEF84 /* AFURLResponseSerialization.m */; };
		AD7896FE1B61E3BC004FEF84 /* AFURLSessionManager.m in Sources */ = {isa = PBXBuildFile; fileRef = AD7896F51B61E3BC004FEF84 /* AFURLSessionManager.m */; };
		AD78970B1B622E40004FEF84 /* FMDatabase.m in Sources */ = {isa = PBXBuildFile; fileRef = AD7897011B622E40004FEF84 /* FMDatabase.m */; };
		AD78970C1B622E40004FEF84 /* FMDatabaseAdditions.m in Sources */ = {isa = PBXBuildFile; fileRef = AD7897031B622E40004FEF84 /* FMDatabaseAdditions.m */; };
		AD78970D1B622E40004FEF84 /* FMDatabasePool.m in Sources */ = {isa = PBXBuildFile; fileRef = AD7897051B622E40004FEF84 /* FMDatabasePool.m */; };
		AD78970E1B622E40004FEF84 /* FMDatabaseQueue.m in Sources */ = {isa = PBXBuildFile; fileRef = AD7897071B622E40004FEF84 /* FMDatabaseQueue.m */; };
		AD78970F1B622E40004FEF84 /* FMResultSet.m in Sources */ = {isa = PBXBuildFile; fileRef = AD78970A1B622E40004FEF84 /* FMResultSet.m */; };
		AD7897111B622E5A004FEF84 /* libsqlite3.0.dylib in Frameworks */ = {isa = PBXBuildFile; fileRef = AD7897101B622E5A004FEF84 /* libsqlite3.0.dylib */; };
		AD7897171B622EFE004FEF84 /* QMSandBox.m in Sources */ = {isa = PBXBuildFile; fileRef = AD7897161B622EFE004FEF84 /* QMSandBox.m */; };
		AD78971B1B62303F004FEF84 /* QMDataBaseManager.m in Sources */ = {isa = PBXBuildFile; fileRef = AD78971A1B62303F004FEF84 /* QMDataBaseManager.m */; };
		AD948AB51B661C0F00F6EEC9 /* QMUser.m in Sources */ = {isa = PBXBuildFile; fileRef = AD948AB41B661C0F00F6EEC9 /* QMUser.m */; };
		AD97DBEB1B5F2BB7003B864F /* main.m in Sources */ = {isa = PBXBuildFile; fileRef = AD97DBEA1B5F2BB7003B864F /* main.m */; };
		AD97DBFF1B5F2BB7003B864F /* QMClientTests.m in Sources */ = {isa = PBXBuildFile; fileRef = AD97DBFE1B5F2BB7003B864F /* QMClientTests.m */; };
		AD97DC211B5F3A24003B864F /* AppDelegate.m in Sources */ = {isa = PBXBuildFile; fileRef = AD97DC1B1B5F3A24003B864F /* AppDelegate.m */; };
		AD97DC221B5F3A24003B864F /* LaunchScreen.xib in Resources */ = {isa = PBXBuildFile; fileRef = AD97DC1C1B5F3A24003B864F /* LaunchScreen.xib */; };
		AD97DC231B5F3A24003B864F /* Images.xcassets in Resources */ = {isa = PBXBuildFile; fileRef = AD97DC1E1B5F3A24003B864F /* Images.xcassets */; };
		AD97DC2C1B5F3C15003B864F /* QMTabbarController.m in Sources */ = {isa = PBXBuildFile; fileRef = AD97DC2B1B5F3C15003B864F /* QMTabbarController.m */; };
		AD97DC2E1B5F3DF3003B864F /* Info.plist in Resources */ = {isa = PBXBuildFile; fileRef = AD97DC2D1B5F3DF3003B864F /* Info.plist */; };
		AD97DC311B5F3E51003B864F /* QMRegisterAndLoginController.m in Sources */ = {isa = PBXBuildFile; fileRef = AD97DC301B5F3E51003B864F /* QMRegisterAndLoginController.m */; };
		AD97DC341B5F3F87003B864F /* QMHomeViewController.m in Sources */ = {isa = PBXBuildFile; fileRef = AD97DC331B5F3F87003B864F /* QMHomeViewController.m */; };
		AD97DC3A1B5F3FF3003B864F /* QMMeViewController.m in Sources */ = {isa = PBXBuildFile; fileRef = AD97DC391B5F3FF3003B864F /* QMMeViewController.m */; };
		AD97DC411B5F438A003B864F /* QMNavigationController.m in Sources */ = {isa = PBXBuildFile; fileRef = AD97DC401B5F438A003B864F /* QMNavigationController.m */; };
		AD97DC951B5F6851003B864F /* MASCompositeConstraint.m in Sources */ = {isa = PBXBuildFile; fileRef = AD97DC7C1B5F6851003B864F /* MASCompositeConstraint.m */; };
		AD97DC961B5F6851003B864F /* MASConstraint.m in Sources */ = {isa = PBXBuildFile; fileRef = AD97DC7F1B5F6851003B864F /* MASConstraint.m */; };
		AD97DC971B5F6851003B864F /* MASConstraintMaker.m in Sources */ = {isa = PBXBuildFile; fileRef = AD97DC811B5F6851003B864F /* MASConstraintMaker.m */; };
		AD97DC981B5F6851003B864F /* MASLayoutConstraint.m in Sources */ = {isa = PBXBuildFile; fileRef = AD97DC831B5F6851003B864F /* MASLayoutConstraint.m */; };
		AD97DC991B5F6851003B864F /* MASViewAttribute.m in Sources */ = {isa = PBXBuildFile; fileRef = AD97DC871B5F6851003B864F /* MASViewAttribute.m */; };
		AD97DC9A1B5F6851003B864F /* MASViewConstraint.m in Sources */ = {isa = PBXBuildFile; fileRef = AD97DC891B5F6851003B864F /* MASViewConstraint.m */; };
		AD97DC9B1B5F6851003B864F /* NSArray+MASAdditions.m in Sources */ = {isa = PBXBuildFile; fileRef = AD97DC8B1B5F6851003B864F /* NSArray+MASAdditions.m */; };
		AD97DC9C1B5F6851003B864F /* NSLayoutConstraint+MASDebugAdditions.m in Sources */ = {isa = PBXBuildFile; fileRef = AD97DC8E1B5F6851003B864F /* NSLayoutConstraint+MASDebugAdditions.m */; };
		AD97DC9D1B5F6851003B864F /* View+MASAdditions.m in Sources */ = {isa = PBXBuildFile; fileRef = AD97DC901B5F6851003B864F /* View+MASAdditions.m */; };
		AD97DC9E1B5F6851003B864F /* MMPlaceHolder.m in Sources */ = {isa = PBXBuildFile; fileRef = AD97DC941B5F6851003B864F /* MMPlaceHolder.m */; };
		AD97DD0C1B5F6D1E003B864F /* QMDoctorViewController.m in Sources */ = {isa = PBXBuildFile; fileRef = AD97DCFB1B5F6D1E003B864F /* QMDoctorViewController.m */; };
		AD97DD0D1B5F6D1E003B864F /* QMClinicViewController.m in Sources */ = {isa = PBXBuildFile; fileRef = AD97DD041B5F6D1E003B864F /* QMClinicViewController.m */; };
		AD97DD111B5F6D85003B864F /* QMClinicDetailViewController.m in Sources */ = {isa = PBXBuildFile; fileRef = AD97DD101B5F6D85003B864F /* QMClinicDetailViewController.m */; };
		AD97DD2B1B5F9A33003B864F /* QMAppointmentViewController.m in Sources */ = {isa = PBXBuildFile; fileRef = AD97DD1D1B5F9A33003B864F /* QMAppointmentViewController.m */; };
		AD97DD2C1B5F9A33003B864F /* QMAppointment.m in Sources */ = {isa = PBXBuildFile; fileRef = AD97DD201B5F9A33003B864F /* QMAppointment.m */; };
		AD97DD2D1B5F9A33003B864F /* QMAppointmentDay.m in Sources */ = {isa = PBXBuildFile; fileRef = AD97DD221B5F9A33003B864F /* QMAppointmentDay.m */; };
		AD97DD2E1B5F9A33003B864F /* QMAppointmentHour.m in Sources */ = {isa = PBXBuildFile; fileRef = AD97DD241B5F9A33003B864F /* QMAppointmentHour.m */; };
		AD97DD2F1B5F9A33003B864F /* QMDayAppointmentCell.m in Sources */ = {isa = PBXBuildFile; fileRef = AD97DD281B5F9A33003B864F /* QMDayAppointmentCell.m */; };
		AD97DD301B5F9A33003B864F /* QMAppointmentView.m in Sources */ = {isa = PBXBuildFile; fileRef = AD97DD2A1B5F9A33003B864F /* QMAppointmentView.m */; };
		AD97DD521B5F9B29003B864F /* NSDate+CQ.m in Sources */ = {isa = PBXBuildFile; fileRef = AD97DD471B5F9B29003B864F /* NSDate+CQ.m */; };
		AD97DD531B5F9B29003B864F /* QMCalendar.m in Sources */ = {isa = PBXBuildFile; fileRef = AD97DD4A1B5F9B29003B864F /* QMCalendar.m */; };
		AD97DD541B5F9B29003B864F /* CustomCalendar.m in Sources */ = {isa = PBXBuildFile; fileRef = AD97DD4D1B5F9B29003B864F /* CustomCalendar.m */; };
		AD97DD551B5F9B29003B864F /* QMCalendarCell.m in Sources */ = {isa = PBXBuildFile; fileRef = AD97DD4F1B5F9B29003B864F /* QMCalendarCell.m */; };
		AD97DD561B5F9B29003B864F /* QMWeekView.m in Sources */ = {isa = PBXBuildFile; fileRef = AD97DD511B5F9B29003B864F /* QMWeekView.m */; };
		AD9FCA1E1B64A3FC00E08D89 /* QMCalendarButton.m in Sources */ = {isa = PBXBuildFile; fileRef = AD9FCA1D1B64A3FC00E08D89 /* QMCalendarButton.m */; };
/* End PBXBuildFile section */

/* Begin PBXContainerItemProxy section */
		AD97DBF91B5F2BB7003B864F /* PBXContainerItemProxy */ = {
			isa = PBXContainerItemProxy;
			containerPortal = AD97DBDD1B5F2BB7003B864F /* Project object */;
			proxyType = 1;
			remoteGlobalIDString = AD97DBE41B5F2BB7003B864F;
			remoteInfo = QMClient;
		};
/* End PBXContainerItemProxy section */

/* Begin PBXFileReference section */
		AD66A8791B639BD3002F4234 /* UIColor+CQ.h */ = {isa = PBXFileReference; fileEncoding = 4; lastKnownFileType = sourcecode.c.h; path = "UIColor+CQ.h"; sourceTree = "<group>"; };
		AD66A87A1B639BD3002F4234 /* UIColor+CQ.m */ = {isa = PBXFileReference; fileEncoding = 4; lastKnownFileType = sourcecode.c.objc; path = "UIColor+CQ.m"; sourceTree = "<group>"; };
		AD7896E11B61E2F1004FEF84 /* RequestURL.h */ = {isa = PBXFileReference; fileEncoding = 4; lastKnownFileType = sourcecode.c.h; path = RequestURL.h; sourceTree = "<group>"; };
		AD7896E31B61E3BC004FEF84 /* AFHTTPRequestOperation.h */ = {isa = PBXFileReference; fileEncoding = 4; lastKnownFileType = sourcecode.c.h; path = AFHTTPRequestOperation.h; sourceTree = "<group>"; };
		AD7896E41B61E3BC004FEF84 /* AFHTTPRequestOperation.m */ = {isa = PBXFileReference; fileEncoding = 4; lastKnownFileType = sourcecode.c.objc; path = AFHTTPRequestOperation.m; sourceTree = "<group>"; };
		AD7896E51B61E3BC004FEF84 /* AFHTTPRequestOperationManager.h */ = {isa = PBXFileReference; fileEncoding = 4; lastKnownFileType = sourcecode.c.h; path = AFHTTPRequestOperationManager.h; sourceTree = "<group>"; };
		AD7896E61B61E3BC004FEF84 /* AFHTTPRequestOperationManager.m */ = {isa = PBXFileReference; fileEncoding = 4; lastKnownFileType = sourcecode.c.objc; path = AFHTTPRequestOperationManager.m; sourceTree = "<group>"; };
		AD7896E71B61E3BC004FEF84 /* AFHTTPSessionManager.h */ = {isa = PBXFileReference; fileEncoding = 4; lastKnownFileType = sourcecode.c.h; path = AFHTTPSessionManager.h; sourceTree = "<group>"; };
		AD7896E81B61E3BC004FEF84 /* AFHTTPSessionManager.m */ = {isa = PBXFileReference; fileEncoding = 4; lastKnownFileType = sourcecode.c.objc; path = AFHTTPSessionManager.m; sourceTree = "<group>"; };
		AD7896E91B61E3BC004FEF84 /* AFNetworking.h */ = {isa = PBXFileReference; fileEncoding = 4; lastKnownFileType = sourcecode.c.h; path = AFNetworking.h; sourceTree = "<group>"; };
		AD7896EA1B61E3BC004FEF84 /* AFNetworkReachabilityManager.h */ = {isa = PBXFileReference; fileEncoding = 4; lastKnownFileType = sourcecode.c.h; path = AFNetworkReachabilityManager.h; sourceTree = "<group>"; };
		AD7896EB1B61E3BC004FEF84 /* AFNetworkReachabilityManager.m */ = {isa = PBXFileReference; fileEncoding = 4; lastKnownFileType = sourcecode.c.objc; path = AFNetworkReachabilityManager.m; sourceTree = "<group>"; };
		AD7896EC1B61E3BC004FEF84 /* AFSecurityPolicy.h */ = {isa = PBXFileReference; fileEncoding = 4; lastKnownFileType = sourcecode.c.h; path = AFSecurityPolicy.h; sourceTree = "<group>"; };
		AD7896ED1B61E3BC004FEF84 /* AFSecurityPolicy.m */ = {isa = PBXFileReference; fileEncoding = 4; lastKnownFileType = sourcecode.c.objc; path = AFSecurityPolicy.m; sourceTree = "<group>"; };
		AD7896EE1B61E3BC004FEF84 /* AFURLConnectionOperation.h */ = {isa = PBXFileReference; fileEncoding = 4; lastKnownFileType = sourcecode.c.h; path = AFURLConnectionOperation.h; sourceTree = "<group>"; };
		AD7896EF1B61E3BC004FEF84 /* AFURLConnectionOperation.m */ = {isa = PBXFileReference; fileEncoding = 4; lastKnownFileType = sourcecode.c.objc; path = AFURLConnectionOperation.m; sourceTree = "<group>"; };
		AD7896F01B61E3BC004FEF84 /* AFURLRequestSerialization.h */ = {isa = PBXFileReference; fileEncoding = 4; lastKnownFileType = sourcecode.c.h; path = AFURLRequestSerialization.h; sourceTree = "<group>"; };
		AD7896F11B61E3BC004FEF84 /* AFURLRequestSerialization.m */ = {isa = PBXFileReference; fileEncoding = 4; lastKnownFileType = sourcecode.c.objc; path = AFURLRequestSerialization.m; sourceTree = "<group>"; };
		AD7896F21B61E3BC004FEF84 /* AFURLResponseSerialization.h */ = {isa = PBXFileReference; fileEncoding = 4; lastKnownFileType = sourcecode.c.h; path = AFURLResponseSerialization.h; sourceTree = "<group>"; };
		AD7896F31B61E3BC004FEF84 /* AFURLResponseSerialization.m */ = {isa = PBXFileReference; fileEncoding = 4; lastKnownFileType = sourcecode.c.objc; path = AFURLResponseSerialization.m; sourceTree = "<group>"; };
		AD7896F41B61E3BC004FEF84 /* AFURLSessionManager.h */ = {isa = PBXFileReference; fileEncoding = 4; lastKnownFileType = sourcecode.c.h; path = AFURLSessionManager.h; sourceTree = "<group>"; };
		AD7896F51B61E3BC004FEF84 /* AFURLSessionManager.m */ = {isa = PBXFileReference; fileEncoding = 4; lastKnownFileType = sourcecode.c.objc; path = AFURLSessionManager.m; sourceTree = "<group>"; };
		AD7897001B622E40004FEF84 /* FMDatabase.h */ = {isa = PBXFileReference; fileEncoding = 4; lastKnownFileType = sourcecode.c.h; path = FMDatabase.h; sourceTree = "<group>"; };
		AD7897011B622E40004FEF84 /* FMDatabase.m */ = {isa = PBXFileReference; fileEncoding = 4; lastKnownFileType = sourcecode.c.objc; path = FMDatabase.m; sourceTree = "<group>"; };
		AD7897021B622E40004FEF84 /* FMDatabaseAdditions.h */ = {isa = PBXFileReference; fileEncoding = 4; lastKnownFileType = sourcecode.c.h; path = FMDatabaseAdditions.h; sourceTree = "<group>"; };
		AD7897031B622E40004FEF84 /* FMDatabaseAdditions.m */ = {isa = PBXFileReference; fileEncoding = 4; lastKnownFileType = sourcecode.c.objc; path = FMDatabaseAdditions.m; sourceTree = "<group>"; };
		AD7897041B622E40004FEF84 /* FMDatabasePool.h */ = {isa = PBXFileReference; fileEncoding = 4; lastKnownFileType = sourcecode.c.h; path = FMDatabasePool.h; sourceTree = "<group>"; };
		AD7897051B622E40004FEF84 /* FMDatabasePool.m */ = {isa = PBXFileReference; fileEncoding = 4; lastKnownFileType = sourcecode.c.objc; path = FMDatabasePool.m; sourceTree = "<group>"; };
		AD7897061B622E40004FEF84 /* FMDatabaseQueue.h */ = {isa = PBXFileReference; fileEncoding = 4; lastKnownFileType = sourcecode.c.h; path = FMDatabaseQueue.h; sourceTree = "<group>"; };
		AD7897071B622E40004FEF84 /* FMDatabaseQueue.m */ = {isa = PBXFileReference; fileEncoding = 4; lastKnownFileType = sourcecode.c.objc; path = FMDatabaseQueue.m; sourceTree = "<group>"; };
		AD7897081B622E40004FEF84 /* FMDB.h */ = {isa = PBXFileReference; fileEncoding = 4; lastKnownFileType = sourcecode.c.h; path = FMDB.h; sourceTree = "<group>"; };
		AD7897091B622E40004FEF84 /* FMResultSet.h */ = {isa = PBXFileReference; fileEncoding = 4; lastKnownFileType = sourcecode.c.h; path = FMResultSet.h; sourceTree = "<group>"; };
		AD78970A1B622E40004FEF84 /* FMResultSet.m */ = {isa = PBXFileReference; fileEncoding = 4; lastKnownFileType = sourcecode.c.objc; path = FMResultSet.m; sourceTree = "<group>"; };
		AD7897101B622E5A004FEF84 /* libsqlite3.0.dylib */ = {isa = PBXFileReference; lastKnownFileType = "compiled.mach-o.dylib"; name = libsqlite3.0.dylib; path = usr/lib/libsqlite3.0.dylib; sourceTree = SDKROOT; };
		AD7897151B622EFE004FEF84 /* QMSandBox.h */ = {isa = PBXFileReference; fileEncoding = 4; lastKnownFileType = sourcecode.c.h; path = QMSandBox.h; sourceTree = "<group>"; };
		AD7897161B622EFE004FEF84 /* QMSandBox.m */ = {isa = PBXFileReference; fileEncoding = 4; lastKnownFileType = sourcecode.c.objc; path = QMSandBox.m; sourceTree = "<group>"; };
		AD7897191B62303F004FEF84 /* QMDataBaseManager.h */ = {isa = PBXFileReference; fileEncoding = 4; lastKnownFileType = sourcecode.c.h; path = QMDataBaseManager.h; sourceTree = "<group>"; };
		AD78971A1B62303F004FEF84 /* QMDataBaseManager.m */ = {isa = PBXFileReference; fileEncoding = 4; lastKnownFileType = sourcecode.c.objc; path = QMDataBaseManager.m; sourceTree = "<group>"; };
		AD948AB31B661C0F00F6EEC9 /* QMUser.h */ = {isa = PBXFileReference; fileEncoding = 4; lastKnownFileType = sourcecode.c.h; path = QMUser.h; sourceTree = "<group>"; };
		AD948AB41B661C0F00F6EEC9 /* QMUser.m */ = {isa = PBXFileReference; fileEncoding = 4; lastKnownFileType = sourcecode.c.objc; path = QMUser.m; sourceTree = "<group>"; };
		AD97DBE51B5F2BB7003B864F /* QMClient.app */ = {isa = PBXFileReference; explicitFileType = wrapper.application; includeInIndex = 0; path = QMClient.app; sourceTree = BUILT_PRODUCTS_DIR; };
		AD97DBE91B5F2BB7003B864F /* Info.plist */ = {isa = PBXFileReference; lastKnownFileType = text.plist.xml; path = Info.plist; sourceTree = "<group>"; };
		AD97DBEA1B5F2BB7003B864F /* main.m */ = {isa = PBXFileReference; lastKnownFileType = sourcecode.c.objc; path = main.m; sourceTree = "<group>"; };
		AD97DBF81B5F2BB7003B864F /* QMClientTests.xctest */ = {isa = PBXFileReference; explicitFileType = wrapper.cfbundle; includeInIndex = 0; path = QMClientTests.xctest; sourceTree = BUILT_PRODUCTS_DIR; };
		AD97DBFD1B5F2BB7003B864F /* Info.plist */ = {isa = PBXFileReference; lastKnownFileType = text.plist.xml; path = Info.plist; sourceTree = "<group>"; };
		AD97DBFE1B5F2BB7003B864F /* QMClientTests.m */ = {isa = PBXFileReference; lastKnownFileType = sourcecode.c.objc; path = QMClientTests.m; sourceTree = "<group>"; };
		AD97DC1A1B5F3A24003B864F /* AppDelegate.h */ = {isa = PBXFileReference; fileEncoding = 4; lastKnownFileType = sourcecode.c.h; path = AppDelegate.h; sourceTree = "<group>"; };
		AD97DC1B1B5F3A24003B864F /* AppDelegate.m */ = {isa = PBXFileReference; fileEncoding = 4; lastKnownFileType = sourcecode.c.objc; path = AppDelegate.m; sourceTree = "<group>"; };
		AD97DC1D1B5F3A24003B864F /* Base */ = {isa = PBXFileReference; lastKnownFileType = file.xib; name = Base; path = Base.lproj/LaunchScreen.xib; sourceTree = "<group>"; };
		AD97DC1E1B5F3A24003B864F /* Images.xcassets */ = {isa = PBXFileReference; lastKnownFileType = folder.assetcatalog; path = Images.xcassets; sourceTree = "<group>"; };
		AD97DC2A1B5F3C15003B864F /* QMTabbarController.h */ = {isa = PBXFileReference; fileEncoding = 4; lastKnownFileType = sourcecode.c.h; path = QMTabbarController.h; sourceTree = "<group>"; };
		AD97DC2B1B5F3C15003B864F /* QMTabbarController.m */ = {isa = PBXFileReference; fileEncoding = 4; lastKnownFileType = sourcecode.c.objc; path = QMTabbarController.m; sourceTree = "<group>"; };
		AD97DC2D1B5F3DF3003B864F /* Info.plist */ = {isa = PBXFileReference; fileEncoding = 4; lastKnownFileType = text.plist.xml; path = Info.plist; sourceTree = "<group>"; };
		AD97DC2F1B5F3E51003B864F /* QMRegisterAndLoginController.h */ = {isa = PBXFileReference; fileEncoding = 4; lastKnownFileType = sourcecode.c.h; path = QMRegisterAndLoginController.h; sourceTree = "<group>"; };
		AD97DC301B5F3E51003B864F /* QMRegisterAndLoginController.m */ = {isa = PBXFileReference; fileEncoding = 4; lastKnownFileType = sourcecode.c.objc; path = QMRegisterAndLoginController.m; sourceTree = "<group>"; };
		AD97DC321B5F3F87003B864F /* QMHomeViewController.h */ = {isa = PBXFileReference; fileEncoding = 4; lastKnownFileType = sourcecode.c.h; path = QMHomeViewController.h; sourceTree = "<group>"; };
		AD97DC331B5F3F87003B864F /* QMHomeViewController.m */ = {isa = PBXFileReference; fileEncoding = 4; lastKnownFileType = sourcecode.c.objc; path = QMHomeViewController.m; sourceTree = "<group>"; };
		AD97DC381B5F3FF3003B864F /* QMMeViewController.h */ = {isa = PBXFileReference; fileEncoding = 4; lastKnownFileType = sourcecode.c.h; path = QMMeViewController.h; sourceTree = "<group>"; };
		AD97DC391B5F3FF3003B864F /* QMMeViewController.m */ = {isa = PBXFileReference; fileEncoding = 4; lastKnownFileType = sourcecode.c.objc; path = QMMeViewController.m; sourceTree = "<group>"; };
		AD97DC3B1B5F40BD003B864F /* PrefixHeader.pch */ = {isa = PBXFileReference; lastKnownFileType = sourcecode.c.h; path = PrefixHeader.pch; sourceTree = "<group>"; };
		AD97DC3F1B5F438A003B864F /* QMNavigationController.h */ = {isa = PBXFileReference; fileEncoding = 4; lastKnownFileType = sourcecode.c.h; path = QMNavigationController.h; sourceTree = "<group>"; };
		AD97DC401B5F438A003B864F /* QMNavigationController.m */ = {isa = PBXFileReference; fileEncoding = 4; lastKnownFileType = sourcecode.c.objc; path = QMNavigationController.m; sourceTree = "<group>"; };
		AD97DC7B1B5F6851003B864F /* MASCompositeConstraint.h */ = {isa = PBXFileReference; fileEncoding = 4; lastKnownFileType = sourcecode.c.h; path = MASCompositeConstraint.h; sourceTree = "<group>"; };
		AD97DC7C1B5F6851003B864F /* MASCompositeConstraint.m */ = {isa = PBXFileReference; fileEncoding = 4; lastKnownFileType = sourcecode.c.objc; path = MASCompositeConstraint.m; sourceTree = "<group>"; };
		AD97DC7D1B5F6851003B864F /* MASConstraint+Private.h */ = {isa = PBXFileReference; fileEncoding = 4; lastKnownFileType = sourcecode.c.h; path = "MASConstraint+Private.h"; sourceTree = "<group>"; };
		AD97DC7E1B5F6851003B864F /* MASConstraint.h */ = {isa = PBXFileReference; fileEncoding = 4; lastKnownFileType = sourcecode.c.h; path = MASConstraint.h; sourceTree = "<group>"; };
		AD97DC7F1B5F6851003B864F /* MASConstraint.m */ = {isa = PBXFileReference; fileEncoding = 4; lastKnownFileType = sourcecode.c.objc; path = MASConstraint.m; sourceTree = "<group>"; };
		AD97DC801B5F6851003B864F /* MASConstraintMaker.h */ = {isa = PBXFileReference; fileEncoding = 4; lastKnownFileType = sourcecode.c.h; path = MASConstraintMaker.h; sourceTree = "<group>"; };
		AD97DC811B5F6851003B864F /* MASConstraintMaker.m */ = {isa = PBXFileReference; fileEncoding = 4; lastKnownFileType = sourcecode.c.objc; path = MASConstraintMaker.m; sourceTree = "<group>"; };
		AD97DC821B5F6851003B864F /* MASLayoutConstraint.h */ = {isa = PBXFileReference; fileEncoding = 4; lastKnownFileType = sourcecode.c.h; path = MASLayoutConstraint.h; sourceTree = "<group>"; };
		AD97DC831B5F6851003B864F /* MASLayoutConstraint.m */ = {isa = PBXFileReference; fileEncoding = 4; lastKnownFileType = sourcecode.c.objc; path = MASLayoutConstraint.m; sourceTree = "<group>"; };
		AD97DC841B5F6851003B864F /* Masonry.h */ = {isa = PBXFileReference; fileEncoding = 4; lastKnownFileType = sourcecode.c.h; path = Masonry.h; sourceTree = "<group>"; };
		AD97DC851B5F6851003B864F /* MASUtilities.h */ = {isa = PBXFileReference; fileEncoding = 4; lastKnownFileType = sourcecode.c.h; path = MASUtilities.h; sourceTree = "<group>"; };
		AD97DC861B5F6851003B864F /* MASViewAttribute.h */ = {isa = PBXFileReference; fileEncoding = 4; lastKnownFileType = sourcecode.c.h; path = MASViewAttribute.h; sourceTree = "<group>"; };
		AD97DC871B5F6851003B864F /* MASViewAttribute.m */ = {isa = PBXFileReference; fileEncoding = 4; lastKnownFileType = sourcecode.c.objc; path = MASViewAttribute.m; sourceTree = "<group>"; };
		AD97DC881B5F6851003B864F /* MASViewConstraint.h */ = {isa = PBXFileReference; fileEncoding = 4; lastKnownFileType = sourcecode.c.h; path = MASViewConstraint.h; sourceTree = "<group>"; };
		AD97DC891B5F6851003B864F /* MASViewConstraint.m */ = {isa = PBXFileReference; fileEncoding = 4; lastKnownFileType = sourcecode.c.objc; path = MASViewConstraint.m; sourceTree = "<group>"; };
		AD97DC8A1B5F6851003B864F /* NSArray+MASAdditions.h */ = {isa = PBXFileReference; fileEncoding = 4; lastKnownFileType = sourcecode.c.h; path = "NSArray+MASAdditions.h"; sourceTree = "<group>"; };
		AD97DC8B1B5F6851003B864F /* NSArray+MASAdditions.m */ = {isa = PBXFileReference; fileEncoding = 4; lastKnownFileType = sourcecode.c.objc; path = "NSArray+MASAdditions.m"; sourceTree = "<group>"; };
		AD97DC8C1B5F6851003B864F /* NSArray+MASShorthandAdditions.h */ = {isa = PBXFileReference; fileEncoding = 4; lastKnownFileType = sourcecode.c.h; path = "NSArray+MASShorthandAdditions.h"; sourceTree = "<group>"; };
		AD97DC8D1B5F6851003B864F /* NSLayoutConstraint+MASDebugAdditions.h */ = {isa = PBXFileReference; fileEncoding = 4; lastKnownFileType = sourcecode.c.h; path = "NSLayoutConstraint+MASDebugAdditions.h"; sourceTree = "<group>"; };
		AD97DC8E1B5F6851003B864F /* NSLayoutConstraint+MASDebugAdditions.m */ = {isa = PBXFileReference; fileEncoding = 4; lastKnownFileType = sourcecode.c.objc; path = "NSLayoutConstraint+MASDebugAdditions.m"; sourceTree = "<group>"; };
		AD97DC8F1B5F6851003B864F /* View+MASAdditions.h */ = {isa = PBXFileReference; fileEncoding = 4; lastKnownFileType = sourcecode.c.h; path = "View+MASAdditions.h"; sourceTree = "<group>"; };
		AD97DC901B5F6851003B864F /* View+MASAdditions.m */ = {isa = PBXFileReference; fileEncoding = 4; lastKnownFileType = sourcecode.c.objc; path = "View+MASAdditions.m"; sourceTree = "<group>"; };
		AD97DC911B5F6851003B864F /* View+MASShorthandAdditions.h */ = {isa = PBXFileReference; fileEncoding = 4; lastKnownFileType = sourcecode.c.h; path = "View+MASShorthandAdditions.h"; sourceTree = "<group>"; };
		AD97DC931B5F6851003B864F /* MMPlaceHolder.h */ = {isa = PBXFileReference; fileEncoding = 4; lastKnownFileType = sourcecode.c.h; path = MMPlaceHolder.h; sourceTree = "<group>"; };
		AD97DC941B5F6851003B864F /* MMPlaceHolder.m */ = {isa = PBXFileReference; fileEncoding = 4; lastKnownFileType = sourcecode.c.objc; path = MMPlaceHolder.m; sourceTree = "<group>"; };
		AD97DCFA1B5F6D1E003B864F /* QMDoctorViewController.h */ = {isa = PBXFileReference; fileEncoding = 4; lastKnownFileType = sourcecode.c.h; path = QMDoctorViewController.h; sourceTree = "<group>"; };
		AD97DCFB1B5F6D1E003B864F /* QMDoctorViewController.m */ = {isa = PBXFileReference; fileEncoding = 4; lastKnownFileType = sourcecode.c.objc; path = QMDoctorViewController.m; sourceTree = "<group>"; };
		AD97DD031B5F6D1E003B864F /* QMClinicViewController.h */ = {isa = PBXFileReference; fileEncoding = 4; lastKnownFileType = sourcecode.c.h; path = QMClinicViewController.h; sourceTree = "<group>"; };
		AD97DD041B5F6D1E003B864F /* QMClinicViewController.m */ = {isa = PBXFileReference; fileEncoding = 4; lastKnownFileType = sourcecode.c.objc; path = QMClinicViewController.m; sourceTree = "<group>"; };
		AD97DD0F1B5F6D85003B864F /* QMClinicDetailViewController.h */ = {isa = PBXFileReference; fileEncoding = 4; lastKnownFileType = sourcecode.c.h; path = QMClinicDetailViewController.h; sourceTree = "<group>"; };
		AD97DD101B5F6D85003B864F /* QMClinicDetailViewController.m */ = {isa = PBXFileReference; fileEncoding = 4; lastKnownFileType = sourcecode.c.objc; path = QMClinicDetailViewController.m; sourceTree = "<group>"; };
		AD97DD1C1B5F9A33003B864F /* QMAppointmentViewController.h */ = {isa = PBXFileReference; fileEncoding = 4; lastKnownFileType = sourcecode.c.h; path = QMAppointmentViewController.h; sourceTree = "<group>"; };
		AD97DD1D1B5F9A33003B864F /* QMAppointmentViewController.m */ = {isa = PBXFileReference; fileEncoding = 4; lastKnownFileType = sourcecode.c.objc; path = QMAppointmentViewController.m; sourceTree = "<group>"; };
		AD97DD1F1B5F9A33003B864F /* QMAppointment.h */ = {isa = PBXFileReference; fileEncoding = 4; lastKnownFileType = sourcecode.c.h; path = QMAppointment.h; sourceTree = "<group>"; };
		AD97DD201B5F9A33003B864F /* QMAppointment.m */ = {isa = PBXFileReference; fileEncoding = 4; lastKnownFileType = sourcecode.c.objc; path = QMAppointment.m; sourceTree = "<group>"; };
		AD97DD211B5F9A33003B864F /* QMAppointmentDay.h */ = {isa = PBXFileReference; fileEncoding = 4; lastKnownFileType = sourcecode.c.h; path = QMAppointmentDay.h; sourceTree = "<group>"; };
		AD97DD221B5F9A33003B864F /* QMAppointmentDay.m */ = {isa = PBXFileReference; fileEncoding = 4; lastKnownFileType = sourcecode.c.objc; path = QMAppointmentDay.m; sourceTree = "<group>"; };
		AD97DD231B5F9A33003B864F /* QMAppointmentHour.h */ = {isa = PBXFileReference; fileEncoding = 4; lastKnownFileType = sourcecode.c.h; path = QMAppointmentHour.h; sourceTree = "<group>"; };
		AD97DD241B5F9A33003B864F /* QMAppointmentHour.m */ = {isa = PBXFileReference; fileEncoding = 4; lastKnownFileType = sourcecode.c.objc; path = QMAppointmentHour.m; sourceTree = "<group>"; };
		AD97DD271B5F9A33003B864F /* QMDayAppointmentCell.h */ = {isa = PBXFileReference; fileEncoding = 4; lastKnownFileType = sourcecode.c.h; path = QMDayAppointmentCell.h; sourceTree = "<group>"; };
		AD97DD281B5F9A33003B864F /* QMDayAppointmentCell.m */ = {isa = PBXFileReference; fileEncoding = 4; lastKnownFileType = sourcecode.c.objc; path = QMDayAppointmentCell.m; sourceTree = "<group>"; };
		AD97DD291B5F9A33003B864F /* QMAppointmentView.h */ = {isa = PBXFileReference; fileEncoding = 4; lastKnownFileType = sourcecode.c.h; path = QMAppointmentView.h; sourceTree = "<group>"; };
		AD97DD2A1B5F9A33003B864F /* QMAppointmentView.m */ = {isa = PBXFileReference; fileEncoding = 4; lastKnownFileType = sourcecode.c.objc; path = QMAppointmentView.m; sourceTree = "<group>"; };
		AD97DD461B5F9B29003B864F /* NSDate+CQ.h */ = {isa = PBXFileReference; fileEncoding = 4; lastKnownFileType = sourcecode.c.h; path = "NSDate+CQ.h"; sourceTree = "<group>"; };
		AD97DD471B5F9B29003B864F /* NSDate+CQ.m */ = {isa = PBXFileReference; fileEncoding = 4; lastKnownFileType = sourcecode.c.objc; path = "NSDate+CQ.m"; sourceTree = "<group>"; };
		AD97DD491B5F9B29003B864F /* QMCalendar.h */ = {isa = PBXFileReference; fileEncoding = 4; lastKnownFileType = sourcecode.c.h; path = QMCalendar.h; sourceTree = "<group>"; };
		AD97DD4A1B5F9B29003B864F /* QMCalendar.m */ = {isa = PBXFileReference; fileEncoding = 4; lastKnownFileType = sourcecode.c.objc; path = QMCalendar.m; sourceTree = "<group>"; };
		AD97DD4C1B5F9B29003B864F /* CustomCalendar.h */ = {isa = PBXFileReference; fileEncoding = 4; lastKnownFileType = sourcecode.c.h; path = CustomCalendar.h; sourceTree = "<group>"; };
		AD97DD4D1B5F9B29003B864F /* CustomCalendar.m */ = {isa = PBXFileReference; fileEncoding = 4; lastKnownFileType = sourcecode.c.objc; path = CustomCalendar.m; sourceTree = "<group>"; };
		AD97DD4E1B5F9B29003B864F /* QMCalendarCell.h */ = {isa = PBXFileReference; fileEncoding = 4; lastKnownFileType = sourcecode.c.h; path = QMCalendarCell.h; sourceTree = "<group>"; };
		AD97DD4F1B5F9B29003B864F /* QMCalendarCell.m */ = {isa = PBXFileReference; fileEncoding = 4; lastKnownFileType = sourcecode.c.objc; path = QMCalendarCell.m; sourceTree = "<group>"; };
		AD97DD501B5F9B29003B864F /* QMWeekView.h */ = {isa = PBXFileReference; fileEncoding = 4; lastKnownFileType = sourcecode.c.h; path = QMWeekView.h; sourceTree = "<group>"; };
		AD97DD511B5F9B29003B864F /* QMWeekView.m */ = {isa = PBXFileReference; fileEncoding = 4; lastKnownFileType = sourcecode.c.objc; path = QMWeekView.m; sourceTree = "<group>"; };
		AD9FCA1C1B64A3FC00E08D89 /* QMCalendarButton.h */ = {isa = PBXFileReference; fileEncoding = 4; lastKnownFileType = sourcecode.c.h; path = QMCalendarButton.h; sourceTree = "<group>"; };
		AD9FCA1D1B64A3FC00E08D89 /* QMCalendarButton.m */ = {isa = PBXFileReference; fileEncoding = 4; lastKnownFileType = sourcecode.c.objc; path = QMCalendarButton.m; sourceTree = "<group>"; };
/* End PBXFileReference section */

/* Begin PBXFrameworksBuildPhase section */
		AD97DBE21B5F2BB7003B864F /* Frameworks */ = {
			isa = PBXFrameworksBuildPhase;
			buildActionMask = 2147483647;
			files = (
				AD7897111B622E5A004FEF84 /* libsqlite3.0.dylib in Frameworks */,
			);
			runOnlyForDeploymentPostprocessing = 0;
		};
		AD97DBF51B5F2BB7003B864F /* Frameworks */ = {
			isa = PBXFrameworksBuildPhase;
			buildActionMask = 2147483647;
			files = (
			);
			runOnlyForDeploymentPostprocessing = 0;
		};
/* End PBXFrameworksBuildPhase section */

/* Begin PBXGroup section */
		AD66A8781B639BBD002F4234 /* Category */ = {
			isa = PBXGroup;
			children = (
				AD66A8791B639BD3002F4234 /* UIColor+CQ.h */,
				AD66A87A1B639BD3002F4234 /* UIColor+CQ.m */,
			);
			path = Category;
			sourceTree = "<group>";
		};
		AD7896E21B61E3BC004FEF84 /* AFNetworking */ = {
			isa = PBXGroup;
			children = (
				AD7896E31B61E3BC004FEF84 /* AFHTTPRequestOperation.h */,
				AD7896E41B61E3BC004FEF84 /* AFHTTPRequestOperation.m */,
				AD7896E51B61E3BC004FEF84 /* AFHTTPRequestOperationManager.h */,
				AD7896E61B61E3BC004FEF84 /* AFHTTPRequestOperationManager.m */,
				AD7896E71B61E3BC004FEF84 /* AFHTTPSessionManager.h */,
				AD7896E81B61E3BC004FEF84 /* AFHTTPSessionManager.m */,
				AD7896E91B61E3BC004FEF84 /* AFNetworking.h */,
				AD7896EA1B61E3BC004FEF84 /* AFNetworkReachabilityManager.h */,
				AD7896EB1B61E3BC004FEF84 /* AFNetworkReachabilityManager.m */,
				AD7896EC1B61E3BC004FEF84 /* AFSecurityPolicy.h */,
				AD7896ED1B61E3BC004FEF84 /* AFSecurityPolicy.m */,
				AD7896EE1B61E3BC004FEF84 /* AFURLConnectionOperation.h */,
				AD7896EF1B61E3BC004FEF84 /* AFURLConnectionOperation.m */,
				AD7896F01B61E3BC004FEF84 /* AFURLRequestSerialization.h */,
				AD7896F11B61E3BC004FEF84 /* AFURLRequestSerialization.m */,
				AD7896F21B61E3BC004FEF84 /* AFURLResponseSerialization.h */,
				AD7896F31B61E3BC004FEF84 /* AFURLResponseSerialization.m */,
				AD7896F41B61E3BC004FEF84 /* AFURLSessionManager.h */,
				AD7896F51B61E3BC004FEF84 /* AFURLSessionManager.m */,
			);
			path = AFNetworking;
			sourceTree = "<group>";
		};
		AD7896FF1B622E40004FEF84 /* fmdb */ = {
			isa = PBXGroup;
			children = (
				AD7897001B622E40004FEF84 /* FMDatabase.h */,
				AD7897011B622E40004FEF84 /* FMDatabase.m */,
				AD7897021B622E40004FEF84 /* FMDatabaseAdditions.h */,
				AD7897031B622E40004FEF84 /* FMDatabaseAdditions.m */,
				AD7897041B622E40004FEF84 /* FMDatabasePool.h */,
				AD7897051B622E40004FEF84 /* FMDatabasePool.m */,
				AD7897061B622E40004FEF84 /* FMDatabaseQueue.h */,
				AD7897071B622E40004FEF84 /* FMDatabaseQueue.m */,
				AD7897081B622E40004FEF84 /* FMDB.h */,
				AD7897091B622E40004FEF84 /* FMResultSet.h */,
				AD78970A1B622E40004FEF84 /* FMResultSet.m */,
			);
			path = fmdb;
			sourceTree = "<group>";
		};
		AD7897121B622E74004FEF84 /* Framework */ = {
			isa = PBXGroup;
			children = (
				AD7897101B622E5A004FEF84 /* libsqlite3.0.dylib */,
			);
			name = Framework;
			sourceTree = "<group>";
		};
		AD7897131B622EEC004FEF84 /* Tools */ = {
			isa = PBXGroup;
			children = (
				AD7897181B623030004FEF84 /* database */,
				AD7897141B622EFE004FEF84 /* sandBox */,
			);
			path = Tools;
			sourceTree = "<group>";
		};
		AD7897141B622EFE004FEF84 /* sandBox */ = {
			isa = PBXGroup;
			children = (
				AD7897151B622EFE004FEF84 /* QMSandBox.h */,
				AD7897161B622EFE004FEF84 /* QMSandBox.m */,
			);
			path = sandBox;
			sourceTree = "<group>";
		};
		AD7897181B623030004FEF84 /* database */ = {
			isa = PBXGroup;
			children = (
				AD7897191B62303F004FEF84 /* QMDataBaseManager.h */,
				AD78971A1B62303F004FEF84 /* QMDataBaseManager.m */,
			);
			path = database;
			sourceTree = "<group>";
		};
		AD97DBDC1B5F2BB7003B864F = {
			isa = PBXGroup;
			children = (
				AD97DBE71B5F2BB7003B864F /* QMClient */,
				AD97DBFB1B5F2BB7003B864F /* QMClientTests */,
				AD97DBE61B5F2BB7003B864F /* Products */,
			);
			sourceTree = "<group>";
		};
		AD97DBE61B5F2BB7003B864F /* Products */ = {
			isa = PBXGroup;
			children = (
				AD97DBE51B5F2BB7003B864F /* QMClient.app */,
				AD97DBF81B5F2BB7003B864F /* QMClientTests.xctest */,
			);
			name = Products;
			sourceTree = "<group>";
		};
		AD97DBE71B5F2BB7003B864F /* QMClient */ = {
			isa = PBXGroup;
			children = (
				AD7897121B622E74004FEF84 /* Framework */,
				AD97DC081B5F3A24003B864F /* Classes */,
				AD97DC191B5F3A24003B864F /* Others */,
				AD97DBE81B5F2BB7003B864F /* Supporting Files */,
			);
			path = QMClient;
			sourceTree = "<group>";
		};
		AD97DBE81B5F2BB7003B864F /* Supporting Files */ = {
			isa = PBXGroup;
			children = (
				AD97DC2D1B5F3DF3003B864F /* Info.plist */,
				AD97DBE91B5F2BB7003B864F /* Info.plist */,
				AD97DBEA1B5F2BB7003B864F /* main.m */,
				AD97DC3B1B5F40BD003B864F /* PrefixHeader.pch */,
				AD7896E11B61E2F1004FEF84 /* RequestURL.h */,
			);
			name = "Supporting Files";
			sourceTree = "<group>";
		};
		AD97DBFB1B5F2BB7003B864F /* QMClientTests */ = {
			isa = PBXGroup;
			children = (
				AD97DBFE1B5F2BB7003B864F /* QMClientTests.m */,
				AD97DBFC1B5F2BB7003B864F /* Supporting Files */,
			);
			path = QMClientTests;
			sourceTree = "<group>";
		};
		AD97DBFC1B5F2BB7003B864F /* Supporting Files */ = {
			isa = PBXGroup;
			children = (
				AD97DBFD1B5F2BB7003B864F /* Info.plist */,
			);
			name = "Supporting Files";
			sourceTree = "<group>";
		};
		AD97DC081B5F3A24003B864F /* Classes */ = {
			isa = PBXGroup;
			children = (
				AD97DC261B5F3B9C003B864F /* Register&Login(注册登录) */,
				AD97DCE01B5F6D1E003B864F /* Clinic(诊所) */,
				AD97DC0D1B5F3A24003B864F /* Home(首页) */,
				AD97DC111B5F3A24003B864F /* Main(主要) */,
				AD97DC151B5F3A24003B864F /* Me(我) */,
			);
			path = Classes;
			sourceTree = "<group>";
		};
		AD97DC0D1B5F3A24003B864F /* Home(首页) */ = {
			isa = PBXGroup;
			children = (
				AD97DC0E1B5F3A24003B864F /* Controllers */,
				AD97DC0F1B5F3A24003B864F /* Models */,
				AD97DC101B5F3A24003B864F /* Views */,
			);
			path = "Home(首页)";
			sourceTree = "<group>";
		};
		AD97DC0E1B5F3A24003B864F /* Controllers */ = {
			isa = PBXGroup;
			children = (
				AD97DC321B5F3F87003B864F /* QMHomeViewController.h */,
				AD97DC331B5F3F87003B864F /* QMHomeViewController.m */,
			);
			path = Controllers;
			sourceTree = "<group>";
		};
		AD97DC0F1B5F3A24003B864F /* Models */ = {
			isa = PBXGroup;
			children = (
			);
			path = Models;
			sourceTree = "<group>";
		};
		AD97DC101B5F3A24003B864F /* Views */ = {
			isa = PBXGroup;
			children = (
			);
			path = Views;
			sourceTree = "<group>";
		};
		AD97DC111B5F3A24003B864F /* Main(主要) */ = {
			isa = PBXGroup;
			children = (
				AD97DC121B5F3A24003B864F /* Controllers */,
				AD97DC131B5F3A24003B864F /* Models */,
				AD97DC141B5F3A24003B864F /* Views */,
			);
			path = "Main(主要)";
			sourceTree = "<group>";
		};
		AD97DC121B5F3A24003B864F /* Controllers */ = {
			isa = PBXGroup;
			children = (
				AD97DC3F1B5F438A003B864F /* QMNavigationController.h */,
				AD97DC401B5F438A003B864F /* QMNavigationController.m */,
				AD97DC2A1B5F3C15003B864F /* QMTabbarController.h */,
				AD97DC2B1B5F3C15003B864F /* QMTabbarController.m */,
			);
			path = Controllers;
			sourceTree = "<group>";
		};
		AD97DC131B5F3A24003B864F /* Models */ = {
			isa = PBXGroup;
			children = (
				AD948AB31B661C0F00F6EEC9 /* QMUser.h */,
				AD948AB41B661C0F00F6EEC9 /* QMUser.m */,
			);
			path = Models;
			sourceTree = "<group>";
		};
		AD97DC141B5F3A24003B864F /* Views */ = {
			isa = PBXGroup;
			children = (
			);
			path = Views;
			sourceTree = "<group>";
		};
		AD97DC151B5F3A24003B864F /* Me(我) */ = {
			isa = PBXGroup;
			children = (
				AD97DC161B5F3A24003B864F /* Controllers */,
				AD97DC171B5F3A24003B864F /* Models */,
				AD97DC181B5F3A24003B864F /* Views */,
			);
			path = "Me(我)";
			sourceTree = "<group>";
		};
		AD97DC161B5F3A24003B864F /* Controllers */ = {
			isa = PBXGroup;
			children = (
				AD97DC381B5F3FF3003B864F /* QMMeViewController.h */,
				AD97DC391B5F3FF3003B864F /* QMMeViewController.m */,
			);
			path = Controllers;
			sourceTree = "<group>";
		};
		AD97DC171B5F3A24003B864F /* Models */ = {
			isa = PBXGroup;
			children = (
			);
			path = Models;
			sourceTree = "<group>";
		};
		AD97DC181B5F3A24003B864F /* Views */ = {
			isa = PBXGroup;
			children = (
			);
			path = Views;
			sourceTree = "<group>";
		};
		AD97DC191B5F3A24003B864F /* Others */ = {
			isa = PBXGroup;
			children = (
				AD66A8781B639BBD002F4234 /* Category */,
				AD7897131B622EEC004FEF84 /* Tools */,
				AD97DC791B5F6837003B864F /* Libs */,
				AD97DC1A1B5F3A24003B864F /* AppDelegate.h */,
				AD97DC1B1B5F3A24003B864F /* AppDelegate.m */,
				AD97DC1C1B5F3A24003B864F /* LaunchScreen.xib */,
				AD97DC1E1B5F3A24003B864F /* Images.xcassets */,
			);
			path = Others;
			sourceTree = "<group>";
		};
		AD97DC261B5F3B9C003B864F /* Register&Login(注册登录) */ = {
			isa = PBXGroup;
			children = (
				AD97DC271B5F3B9C003B864F /* Controllers */,
				AD97DC281B5F3B9C003B864F /* Models */,
				AD97DC291B5F3B9C003B864F /* Views */,
			);
			path = "Register&Login(注册登录)";
			sourceTree = "<group>";
		};
		AD97DC271B5F3B9C003B864F /* Controllers */ = {
			isa = PBXGroup;
			children = (
				AD97DC2F1B5F3E51003B864F /* QMRegisterAndLoginController.h */,
				AD97DC301B5F3E51003B864F /* QMRegisterAndLoginController.m */,
			);
			path = Controllers;
			sourceTree = "<group>";
		};
		AD97DC281B5F3B9C003B864F /* Models */ = {
			isa = PBXGroup;
			children = (
			);
			path = Models;
			sourceTree = "<group>";
		};
		AD97DC291B5F3B9C003B864F /* Views */ = {
			isa = PBXGroup;
			children = (
			);
			path = Views;
			sourceTree = "<group>";
		};
		AD97DC791B5F6837003B864F /* Libs */ = {
			isa = PBXGroup;
			children = (
				AD7896FF1B622E40004FEF84 /* fmdb */,
				AD7896E21B61E3BC004FEF84 /* AFNetworking */,
				AD97DD441B5F9B29003B864F /* LCalendar */,
				AD97DC7A1B5F6851003B864F /* Masonry */,
				AD97DC921B5F6851003B864F /* MMPlaceHolder */,
			);
			path = Libs;
			sourceTree = "<group>";
		};
		AD97DC7A1B5F6851003B864F /* Masonry */ = {
			isa = PBXGroup;
			children = (
				AD97DC7B1B5F6851003B864F /* MASCompositeConstraint.h */,
				AD97DC7C1B5F6851003B864F /* MASCompositeConstraint.m */,
				AD97DC7D1B5F6851003B864F /* MASConstraint+Private.h */,
				AD97DC7E1B5F6851003B864F /* MASConstraint.h */,
				AD97DC7F1B5F6851003B864F /* MASConstraint.m */,
				AD97DC801B5F6851003B864F /* MASConstraintMaker.h */,
				AD97DC811B5F6851003B864F /* MASConstraintMaker.m */,
				AD97DC821B5F6851003B864F /* MASLayoutConstraint.h */,
				AD97DC831B5F6851003B864F /* MASLayoutConstraint.m */,
				AD97DC841B5F6851003B864F /* Masonry.h */,
				AD97DC851B5F6851003B864F /* MASUtilities.h */,
				AD97DC861B5F6851003B864F /* MASViewAttribute.h */,
				AD97DC871B5F6851003B864F /* MASViewAttribute.m */,
				AD97DC881B5F6851003B864F /* MASViewConstraint.h */,
				AD97DC891B5F6851003B864F /* MASViewConstraint.m */,
				AD97DC8A1B5F6851003B864F /* NSArray+MASAdditions.h */,
				AD97DC8B1B5F6851003B864F /* NSArray+MASAdditions.m */,
				AD97DC8C1B5F6851003B864F /* NSArray+MASShorthandAdditions.h */,
				AD97DC8D1B5F6851003B864F /* NSLayoutConstraint+MASDebugAdditions.h */,
				AD97DC8E1B5F6851003B864F /* NSLayoutConstraint+MASDebugAdditions.m */,
				AD97DC8F1B5F6851003B864F /* View+MASAdditions.h */,
				AD97DC901B5F6851003B864F /* View+MASAdditions.m */,
				AD97DC911B5F6851003B864F /* View+MASShorthandAdditions.h */,
			);
			path = Masonry;
			sourceTree = "<group>";
		};
		AD97DC921B5F6851003B864F /* MMPlaceHolder */ = {
			isa = PBXGroup;
			children = (
				AD97DC931B5F6851003B864F /* MMPlaceHolder.h */,
				AD97DC941B5F6851003B864F /* MMPlaceHolder.m */,
			);
			path = MMPlaceHolder;
			sourceTree = "<group>";
		};
		AD97DCE01B5F6D1E003B864F /* Clinic(诊所) */ = {
			isa = PBXGroup;
			children = (
				AD97DCE11B5F6D1E003B864F /* Clinic(诊所详情) */,
				AD97DD011B5F6D1E003B864F /* Main(诊所) */,
			);
			path = "Clinic(诊所)";
			sourceTree = "<group>";
		};
		AD97DCE11B5F6D1E003B864F /* Clinic(诊所详情) */ = {
			isa = PBXGroup;
			children = (
				AD97DCE21B5F6D1E003B864F /* Doctor(医生详情) */,
				AD97DCFE1B5F6D1E003B864F /* Main(诊所详情) */,
			);
			path = "Clinic(诊所详情)";
			sourceTree = "<group>";
		};
		AD97DCE21B5F6D1E003B864F /* Doctor(医生详情) */ = {
			isa = PBXGroup;
			children = (
				AD97DD191B5F9A33003B864F /* Appointment(预约就诊) */,
				AD97DCF31B5F6D1E003B864F /* Chat(线上咨询) */,
				AD97DCF81B5F6D1E003B864F /* Main(医生详情) */,
			);
			path = "Doctor(医生详情)";
			sourceTree = "<group>";
		};
		AD97DCF31B5F6D1E003B864F /* Chat(线上咨询) */ = {
			isa = PBXGroup;
			children = (
				AD97DCF41B5F6D1E003B864F /* Main */,
			);
			path = "Chat(线上咨询)";
			sourceTree = "<group>";
		};
		AD97DCF41B5F6D1E003B864F /* Main */ = {
			isa = PBXGroup;
			children = (
				AD97DCF51B5F6D1E003B864F /* Controllers */,
				AD97DCF61B5F6D1E003B864F /* Models */,
				AD97DCF71B5F6D1E003B864F /* Views */,
			);
			path = Main;
			sourceTree = "<group>";
		};
		AD97DCF51B5F6D1E003B864F /* Controllers */ = {
			isa = PBXGroup;
			children = (
			);
			path = Controllers;
			sourceTree = "<group>";
		};
		AD97DCF61B5F6D1E003B864F /* Models */ = {
			isa = PBXGroup;
			children = (
			);
			path = Models;
			sourceTree = "<group>";
		};
		AD97DCF71B5F6D1E003B864F /* Views */ = {
			isa = PBXGroup;
			children = (
			);
			path = Views;
			sourceTree = "<group>";
		};
		AD97DCF81B5F6D1E003B864F /* Main(医生详情) */ = {
			isa = PBXGroup;
			children = (
				AD97DCF91B5F6D1E003B864F /* Controllers */,
				AD97DCFC1B5F6D1E003B864F /* Models */,
				AD97DCFD1B5F6D1E003B864F /* Views */,
			);
			path = "Main(医生详情)";
			sourceTree = "<group>";
		};
		AD97DCF91B5F6D1E003B864F /* Controllers */ = {
			isa = PBXGroup;
			children = (
				AD97DCFA1B5F6D1E003B864F /* QMDoctorViewController.h */,
				AD97DCFB1B5F6D1E003B864F /* QMDoctorViewController.m */,
			);
			path = Controllers;
			sourceTree = "<group>";
		};
		AD97DCFC1B5F6D1E003B864F /* Models */ = {
			isa = PBXGroup;
			children = (
			);
			path = Models;
			sourceTree = "<group>";
		};
		AD97DCFD1B5F6D1E003B864F /* Views */ = {
			isa = PBXGroup;
			children = (
			);
			path = Views;
			sourceTree = "<group>";
		};
		AD97DCFE1B5F6D1E003B864F /* Main(诊所详情) */ = {
			isa = PBXGroup;
			children = (
				AD97DD0E1B5F6D85003B864F /* Controllers */,
				AD97DCFF1B5F6D1E003B864F /* Models */,
				AD97DD001B5F6D1E003B864F /* Views */,
			);
			path = "Main(诊所详情)";
			sourceTree = "<group>";
		};
		AD97DCFF1B5F6D1E003B864F /* Models */ = {
			isa = PBXGroup;
			children = (
			);
			path = Models;
			sourceTree = "<group>";
		};
		AD97DD001B5F6D1E003B864F /* Views */ = {
			isa = PBXGroup;
			children = (
			);
			path = Views;
			sourceTree = "<group>";
		};
		AD97DD011B5F6D1E003B864F /* Main(诊所) */ = {
			isa = PBXGroup;
			children = (
				AD97DD021B5F6D1E003B864F /* Controllers */,
				AD97DD051B5F6D1E003B864F /* Models */,
				AD97DD061B5F6D1E003B864F /* Views */,
			);
			path = "Main(诊所)";
			sourceTree = "<group>";
		};
		AD97DD021B5F6D1E003B864F /* Controllers */ = {
			isa = PBXGroup;
			children = (
				AD97DD031B5F6D1E003B864F /* QMClinicViewController.h */,
				AD97DD041B5F6D1E003B864F /* QMClinicViewController.m */,
			);
			path = Controllers;
			sourceTree = "<group>";
		};
		AD97DD051B5F6D1E003B864F /* Models */ = {
			isa = PBXGroup;
			children = (
			);
			path = Models;
			sourceTree = "<group>";
		};
		AD97DD061B5F6D1E003B864F /* Views */ = {
			isa = PBXGroup;
			children = (
			);
			path = Views;
			sourceTree = "<group>";
		};
		AD97DD0E1B5F6D85003B864F /* Controllers */ = {
			isa = PBXGroup;
			children = (
				AD97DD0F1B5F6D85003B864F /* QMClinicDetailViewController.h */,
				AD97DD101B5F6D85003B864F /* QMClinicDetailViewController.m */,
			);
			path = Controllers;
			sourceTree = "<group>";
		};
		AD97DD191B5F9A33003B864F /* Appointment(预约就诊) */ = {
			isa = PBXGroup;
			children = (
				AD97DD1A1B5F9A33003B864F /* Main */,
			);
			path = "Appointment(预约就诊)";
			sourceTree = "<group>";
		};
		AD97DD1A1B5F9A33003B864F /* Main */ = {
			isa = PBXGroup;
			children = (
				AD97DD1B1B5F9A33003B864F /* Controllers */,
				AD97DD1E1B5F9A33003B864F /* Models */,
				AD97DD251B5F9A33003B864F /* Views */,
			);
			path = Main;
			sourceTree = "<group>";
		};
		AD97DD1B1B5F9A33003B864F /* Controllers */ = {
			isa = PBXGroup;
			children = (
				AD97DD1C1B5F9A33003B864F /* QMAppointmentViewController.h */,
				AD97DD1D1B5F9A33003B864F /* QMAppointmentViewController.m */,
			);
			path = Controllers;
			sourceTree = "<group>";
		};
		AD97DD1E1B5F9A33003B864F /* Models */ = {
			isa = PBXGroup;
			children = (
				AD97DD1F1B5F9A33003B864F /* QMAppointment.h */,
				AD97DD201B5F9A33003B864F /* QMAppointment.m */,
				AD97DD211B5F9A33003B864F /* QMAppointmentDay.h */,
				AD97DD221B5F9A33003B864F /* QMAppointmentDay.m */,
				AD97DD231B5F9A33003B864F /* QMAppointmentHour.h */,
				AD97DD241B5F9A33003B864F /* QMAppointmentHour.m */,
			);
			path = Models;
			sourceTree = "<group>";
		};
		AD97DD251B5F9A33003B864F /* Views */ = {
			isa = PBXGroup;
			children = (
				AD97DD261B5F9A33003B864F /* Cell */,
				AD97DD291B5F9A33003B864F /* QMAppointmentView.h */,
				AD97DD2A1B5F9A33003B864F /* QMAppointmentView.m */,
			);
			path = Views;
			sourceTree = "<group>";
		};
		AD97DD261B5F9A33003B864F /* Cell */ = {
			isa = PBXGroup;
			children = (
				AD97DD271B5F9A33003B864F /* QMDayAppointmentCell.h */,
				AD97DD281B5F9A33003B864F /* QMDayAppointmentCell.m */,
			);
			path = Cell;
			sourceTree = "<group>";
		};
		AD97DD441B5F9B29003B864F /* LCalendar */ = {
			isa = PBXGroup;
			children = (
				AD97DD451B5F9B29003B864F /* Category */,
				AD97DD481B5F9B29003B864F /* Models */,
				AD97DD4B1B5F9B29003B864F /* Views */,
			);
			path = LCalendar;
			sourceTree = "<group>";
		};
		AD97DD451B5F9B29003B864F /* Category */ = {
			isa = PBXGroup;
			children = (
				AD97DD461B5F9B29003B864F /* NSDate+CQ.h */,
				AD97DD471B5F9B29003B864F /* NSDate+CQ.m */,
			);
			path = Category;
			sourceTree = "<group>";
		};
		AD97DD481B5F9B29003B864F /* Models */ = {
			isa = PBXGroup;
			children = (
				AD97DD491B5F9B29003B864F /* QMCalendar.h */,
				AD97DD4A1B5F9B29003B864F /* QMCalendar.m */,
			);
			path = Models;
			sourceTree = "<group>";
		};
		AD97DD4B1B5F9B29003B864F /* Views */ = {
			isa = PBXGroup;
			children = (
				AD97DD4C1B5F9B29003B864F /* CustomCalendar.h */,
				AD97DD4D1B5F9B29003B864F /* CustomCalendar.m */,
				AD97DD4E1B5F9B29003B864F /* QMCalendarCell.h */,
				AD97DD4F1B5F9B29003B864F /* QMCalendarCell.m */,
				AD9FCA1C1B64A3FC00E08D89 /* QMCalendarButton.h */,
				AD9FCA1D1B64A3FC00E08D89 /* QMCalendarButton.m */,
				AD97DD501B5F9B29003B864F /* QMWeekView.h */,
				AD97DD511B5F9B29003B864F /* QMWeekView.m */,
			);
			path = Views;
			sourceTree = "<group>";
		};
/* End PBXGroup section */

/* Begin PBXNativeTarget section */
		AD97DBE41B5F2BB7003B864F /* QMClient */ = {
			isa = PBXNativeTarget;
			buildConfigurationList = AD97DC021B5F2BB7003B864F /* Build configuration list for PBXNativeTarget "QMClient" */;
			buildPhases = (
				AD97DBE11B5F2BB7003B864F /* Sources */,
				AD97DBE21B5F2BB7003B864F /* Frameworks */,
				AD97DBE31B5F2BB7003B864F /* Resources */,
			);
			buildRules = (
			);
			dependencies = (
			);
			name = QMClient;
			productName = QMClient;
			productReference = AD97DBE51B5F2BB7003B864F /* QMClient.app */;
			productType = "com.apple.product-type.application";
		};
		AD97DBF71B5F2BB7003B864F /* QMClientTests */ = {
			isa = PBXNativeTarget;
			buildConfigurationList = AD97DC051B5F2BB7003B864F /* Build configuration list for PBXNativeTarget "QMClientTests" */;
			buildPhases = (
				AD97DBF41B5F2BB7003B864F /* Sources */,
				AD97DBF51B5F2BB7003B864F /* Frameworks */,
				AD97DBF61B5F2BB7003B864F /* Resources */,
			);
			buildRules = (
			);
			dependencies = (
				AD97DBFA1B5F2BB7003B864F /* PBXTargetDependency */,
			);
			name = QMClientTests;
			productName = QMClientTests;
			productReference = AD97DBF81B5F2BB7003B864F /* QMClientTests.xctest */;
			productType = "com.apple.product-type.bundle.unit-test";
		};
/* End PBXNativeTarget section */

/* Begin PBXProject section */
		AD97DBDD1B5F2BB7003B864F /* Project object */ = {
			isa = PBXProject;
			attributes = {
				LastUpgradeCheck = 0640;
				ORGANIZATIONNAME = Lotus;
				TargetAttributes = {
					AD97DBE41B5F2BB7003B864F = {
						CreatedOnToolsVersion = 6.4;
					};
					AD97DBF71B5F2BB7003B864F = {
						CreatedOnToolsVersion = 6.4;
						TestTargetID = AD97DBE41B5F2BB7003B864F;
					};
				};
			};
			buildConfigurationList = AD97DBE01B5F2BB7003B864F /* Build configuration list for PBXProject "QMClient" */;
			compatibilityVersion = "Xcode 3.2";
			developmentRegion = English;
			hasScannedForEncodings = 0;
			knownRegions = (
				en,
				Base,
			);
			mainGroup = AD97DBDC1B5F2BB7003B864F;
			productRefGroup = AD97DBE61B5F2BB7003B864F /* Products */;
			projectDirPath = "";
			projectRoot = "";
			targets = (
				AD97DBE41B5F2BB7003B864F /* QMClient */,
				AD97DBF71B5F2BB7003B864F /* QMClientTests */,
			);
		};
/* End PBXProject section */

/* Begin PBXResourcesBuildPhase section */
		AD97DBE31B5F2BB7003B864F /* Resources */ = {
			isa = PBXResourcesBuildPhase;
			buildActionMask = 2147483647;
			files = (
				AD97DC221B5F3A24003B864F /* LaunchScreen.xib in Resources */,
				AD97DC231B5F3A24003B864F /* Images.xcassets in Resources */,
				AD97DC2E1B5F3DF3003B864F /* Info.plist in Resources */,
			);
			runOnlyForDeploymentPostprocessing = 0;
		};
		AD97DBF61B5F2BB7003B864F /* Resources */ = {
			isa = PBXResourcesBuildPhase;
			buildActionMask = 2147483647;
			files = (
			);
			runOnlyForDeploymentPostprocessing = 0;
		};
/* End PBXResourcesBuildPhase section */

/* Begin PBXSourcesBuildPhase section */
		AD97DBE11B5F2BB7003B864F /* Sources */ = {
			isa = PBXSourcesBuildPhase;
			buildActionMask = 2147483647;
			files = (
				AD97DD2D1B5F9A33003B864F /* QMAppointmentDay.m in Sources */,
				AD97DD521B5F9B29003B864F /* NSDate+CQ.m in Sources */,
				AD97DD2B1B5F9A33003B864F /* QMAppointmentViewController.m in Sources */,
				AD97DC311B5F3E51003B864F /* QMRegisterAndLoginController.m in Sources */,
				AD97DD2F1B5F9A33003B864F /* QMDayAppointmentCell.m in Sources */,
				AD78970C1B622E40004FEF84 /* FMDatabaseAdditions.m in Sources */,
				AD7896F71B61E3BC004FEF84 /* AFHTTPRequestOperationManager.m in Sources */,
				AD97DC211B5F3A24003B864F /* AppDelegate.m in Sources */,
				AD78971B1B62303F004FEF84 /* QMDataBaseManager.m in Sources */,
				AD78970D1B622E40004FEF84 /* FMDatabasePool.m in Sources */,
				AD97DC991B5F6851003B864F /* MASViewAttribute.m in Sources */,
				AD97DC981B5F6851003B864F /* MASLayoutConstraint.m in Sources */,
				AD97DC9C1B5F6851003B864F /* NSLayoutConstraint+MASDebugAdditions.m in Sources */,
				AD97DC971B5F6851003B864F /* MASConstraintMaker.m in Sources */,
				AD948AB51B661C0F00F6EEC9 /* QMUser.m in Sources */,
				AD97DD0D1B5F6D1E003B864F /* QMClinicViewController.m in Sources */,
				AD97DC3A1B5F3FF3003B864F /* QMMeViewController.m in Sources */,
				AD97DD2C1B5F9A33003B864F /* QMAppointment.m in Sources */,
				AD97DD0C1B5F6D1E003B864F /* QMDoctorViewController.m in Sources */,
				AD7896F81B61E3BC004FEF84 /* AFHTTPSessionManager.m in Sources */,
				AD66A87B1B639BD3002F4234 /* UIColor+CQ.m in Sources */,
				AD97DD2E1B5F9A33003B864F /* QMAppointmentHour.m in Sources */,
				AD7896F91B61E3BC004FEF84 /* AFNetworkReachabilityManager.m in Sources */,
				AD97DC2C1B5F3C15003B864F /* QMTabbarController.m in Sources */,
				AD7896FB1B61E3BC004FEF84 /* AFURLConnectionOperation.m in Sources */,
				AD9FCA1E1B64A3FC00E08D89 /* QMCalendarButton.m in Sources */,
				AD97DC411B5F438A003B864F /* QMNavigationController.m in Sources */,
				AD97DC951B5F6851003B864F /* MASCompositeConstraint.m in Sources */,
				AD7897171B622EFE004FEF84 /* QMSandBox.m in Sources */,
				AD78970F1B622E40004FEF84 /* FMResultSet.m in Sources */,
				AD97DC9B1B5F6851003B864F /* NSArray+MASAdditions.m in Sources */,
				AD97DC9E1B5F6851003B864F /* MMPlaceHolder.m in Sources */,
				AD7896F61B61E3BC004FEF84 /* AFHTTPRequestOperation.m in Sources */,
				AD7896FE1B61E3BC004FEF84 /* AFURLSessionManager.m in Sources */,
				AD97DD561B5F9B29003B864F /* QMWeekView.m in Sources */,
				AD97DBEB1B5F2BB7003B864F /* main.m in Sources */,
				AD97DC9D1B5F6851003B864F /* View+MASAdditions.m in Sources */,
				AD97DD301B5F9A33003B864F /* QMAppointmentView.m in Sources */,
				AD7896FA1B61E3BC004FEF84 /* AFSecurityPolicy.m in Sources */,
				AD97DD541B5F9B29003B864F /* CustomCalendar.m in Sources */,
				AD7896FD1B61E3BC004FEF84 /* AFURLResponseSerialization.m in Sources */,
				AD7896FC1B61E3BC004FEF84 /* AFURLRequestSerialization.m in Sources */,
				AD97DD531B5F9B29003B864F /* QMCalendar.m in Sources */,
				AD97DD551B5F9B29003B864F /* QMCalendarCell.m in Sources */,
				AD97DC9A1B5F6851003B864F /* MASViewConstraint.m in Sources */,
				AD97DD111B5F6D85003B864F /* QMClinicDetailViewController.m in Sources */,
				AD97DC961B5F6851003B864F /* MASConstraint.m in Sources */,
				AD78970E1B622E40004FEF84 /* FMDatabaseQueue.m in Sources */,
				AD78970B1B622E40004FEF84 /* FMDatabase.m in Sources */,
				AD97DC341B5F3F87003B864F /* QMHomeViewController.m in Sources */,
			);
			runOnlyForDeploymentPostprocessing = 0;
		};
		AD97DBF41B5F2BB7003B864F /* Sources */ = {
			isa = PBXSourcesBuildPhase;
			buildActionMask = 2147483647;
			files = (
				AD97DBFF1B5F2BB7003B864F /* QMClientTests.m in Sources */,
			);
			runOnlyForDeploymentPostprocessing = 0;
		};
/* End PBXSourcesBuildPhase section */

/* Begin PBXTargetDependency section */
		AD97DBFA1B5F2BB7003B864F /* PBXTargetDependency */ = {
			isa = PBXTargetDependency;
			target = AD97DBE41B5F2BB7003B864F /* QMClient */;
			targetProxy = AD97DBF91B5F2BB7003B864F /* PBXContainerItemProxy */;
		};
/* End PBXTargetDependency section */

/* Begin PBXVariantGroup section */
		AD97DC1C1B5F3A24003B864F /* LaunchScreen.xib */ = {
			isa = PBXVariantGroup;
			children = (
				AD97DC1D1B5F3A24003B864F /* Base */,
			);
			name = LaunchScreen.xib;
			sourceTree = "<group>";
		};
/* End PBXVariantGroup section */

/* Begin XCBuildConfiguration section */
		AD97DC001B5F2BB7003B864F /* Debug */ = {
			isa = XCBuildConfiguration;
			buildSettings = {
				ALWAYS_SEARCH_USER_PATHS = NO;
				CLANG_CXX_LANGUAGE_STANDARD = "gnu++0x";
				CLANG_CXX_LIBRARY = "libc++";
				CLANG_ENABLE_MODULES = YES;
				CLANG_ENABLE_OBJC_ARC = YES;
				CLANG_WARN_BOOL_CONVERSION = YES;
				CLANG_WARN_CONSTANT_CONVERSION = YES;
				CLANG_WARN_DIRECT_OBJC_ISA_USAGE = YES_ERROR;
				CLANG_WARN_EMPTY_BODY = YES;
				CLANG_WARN_ENUM_CONVERSION = YES;
				CLANG_WARN_INT_CONVERSION = YES;
				CLANG_WARN_OBJC_ROOT_CLASS = YES_ERROR;
				CLANG_WARN_UNREACHABLE_CODE = YES;
				CLANG_WARN__DUPLICATE_METHOD_MATCH = YES;
				"CODE_SIGN_IDENTITY[sdk=iphoneos*]" = "iPhone Developer";
				COPY_PHASE_STRIP = NO;
				DEBUG_INFORMATION_FORMAT = "dwarf-with-dsym";
				ENABLE_STRICT_OBJC_MSGSEND = YES;
				GCC_C_LANGUAGE_STANDARD = gnu99;
				GCC_DYNAMIC_NO_PIC = NO;
				GCC_NO_COMMON_BLOCKS = YES;
				GCC_OPTIMIZATION_LEVEL = 0;
				GCC_PREPROCESSOR_DEFINITIONS = (
					"DEBUG=1",
					"$(inherited)",
				);
				GCC_SYMBOLS_PRIVATE_EXTERN = NO;
				GCC_WARN_64_TO_32_BIT_CONVERSION = YES;
				GCC_WARN_ABOUT_RETURN_TYPE = YES_ERROR;
				GCC_WARN_UNDECLARED_SELECTOR = YES;
				GCC_WARN_UNINITIALIZED_AUTOS = YES_AGGRESSIVE;
				GCC_WARN_UNUSED_FUNCTION = YES;
				GCC_WARN_UNUSED_VARIABLE = YES;
				IPHONEOS_DEPLOYMENT_TARGET = 8.4;
				MTL_ENABLE_DEBUG_INFO = YES;
				ONLY_ACTIVE_ARCH = YES;
				SDKROOT = iphoneos;
			};
			name = Debug;
		};
		AD97DC011B5F2BB7003B864F /* Release */ = {
			isa = XCBuildConfiguration;
			buildSettings = {
				ALWAYS_SEARCH_USER_PATHS = NO;
				CLANG_CXX_LANGUAGE_STANDARD = "gnu++0x";
				CLANG_CXX_LIBRARY = "libc++";
				CLANG_ENABLE_MODULES = YES;
				CLANG_ENABLE_OBJC_ARC = YES;
				CLANG_WARN_BOOL_CONVERSION = YES;
				CLANG_WARN_CONSTANT_CONVERSION = YES;
				CLANG_WARN_DIRECT_OBJC_ISA_USAGE = YES_ERROR;
				CLANG_WARN_EMPTY_BODY = YES;
				CLANG_WARN_ENUM_CONVERSION = YES;
				CLANG_WARN_INT_CONVERSION = YES;
				CLANG_WARN_OBJC_ROOT_CLASS = YES_ERROR;
				CLANG_WARN_UNREACHABLE_CODE = YES;
				CLANG_WARN__DUPLICATE_METHOD_MATCH = YES;
				"CODE_SIGN_IDENTITY[sdk=iphoneos*]" = "iPhone Developer";
				COPY_PHASE_STRIP = NO;
				DEBUG_INFORMATION_FORMAT = "dwarf-with-dsym";
				ENABLE_NS_ASSERTIONS = NO;
				ENABLE_STRICT_OBJC_MSGSEND = YES;
				GCC_C_LANGUAGE_STANDARD = gnu99;
				GCC_NO_COMMON_BLOCKS = YES;
				GCC_WARN_64_TO_32_BIT_CONVERSION = YES;
				GCC_WARN_ABOUT_RETURN_TYPE = YES_ERROR;
				GCC_WARN_UNDECLARED_SELECTOR = YES;
				GCC_WARN_UNINITIALIZED_AUTOS = YES_AGGRESSIVE;
				GCC_WARN_UNUSED_FUNCTION = YES;
				GCC_WARN_UNUSED_VARIABLE = YES;
				IPHONEOS_DEPLOYMENT_TARGET = 8.4;
				MTL_ENABLE_DEBUG_INFO = NO;
				SDKROOT = iphoneos;
				VALIDATE_PRODUCT = YES;
			};
			name = Release;
		};
		AD97DC031B5F2BB7003B864F /* Debug */ = {
			isa = XCBuildConfiguration;
			buildSettings = {
				ASSETCATALOG_COMPILER_APPICON_NAME = AppIcon;
				GCC_PREFIX_HEADER = "$(SRCROOT)/QMClient/PrefixHeader.pch";
				INFOPLIST_FILE = QMClient/Info.plist;
				IPHONEOS_DEPLOYMENT_TARGET = 7.0;
				LD_RUNPATH_SEARCH_PATHS = "$(inherited) @executable_path/Frameworks";
				PRODUCT_NAME = "$(TARGET_NAME)";
			};
			name = Debug;
		};
		AD97DC041B5F2BB7003B864F /* Release */ = {
			isa = XCBuildConfiguration;
			buildSettings = {
				ASSETCATALOG_COMPILER_APPICON_NAME = AppIcon;
				GCC_PREFIX_HEADER = "$(SRCROOT)/QMClient/PrefixHeader.pch";
				INFOPLIST_FILE = QMClient/Info.plist;
				IPHONEOS_DEPLOYMENT_TARGET = 7.0;
				LD_RUNPATH_SEARCH_PATHS = "$(inherited) @executable_path/Frameworks";
				PRODUCT_NAME = "$(TARGET_NAME)";
			};
			name = Release;
		};
		AD97DC061B5F2BB7003B864F /* Debug */ = {
			isa = XCBuildConfiguration;
			buildSettings = {
				BUNDLE_LOADER = "$(TEST_HOST)";
				FRAMEWORK_SEARCH_PATHS = (
					"$(SDKROOT)/Developer/Library/Frameworks",
					"$(inherited)",
				);
				GCC_PREPROCESSOR_DEFINITIONS = (
					"DEBUG=1",
					"$(inherited)",
				);
				INFOPLIST_FILE = QMClientTests/Info.plist;
				LD_RUNPATH_SEARCH_PATHS = "$(inherited) @executable_path/Frameworks @loader_path/Frameworks";
				PRODUCT_NAME = "$(TARGET_NAME)";
				TEST_HOST = "$(BUILT_PRODUCTS_DIR)/QMClient.app/QMClient";
			};
			name = Debug;
		};
		AD97DC071B5F2BB7003B864F /* Release */ = {
			isa = XCBuildConfiguration;
			buildSettings = {
				BUNDLE_LOADER = "$(TEST_HOST)";
				FRAMEWORK_SEARCH_PATHS = (
					"$(SDKROOT)/Developer/Library/Frameworks",
					"$(inherited)",
				);
				INFOPLIST_FILE = QMClientTests/Info.plist;
				LD_RUNPATH_SEARCH_PATHS = "$(inherited) @executable_path/Frameworks @loader_path/Frameworks";
				PRODUCT_NAME = "$(TARGET_NAME)";
				TEST_HOST = "$(BUILT_PRODUCTS_DIR)/QMClient.app/QMClient";
			};
			name = Release;
		};
/* End XCBuildConfiguration section */

/* Begin XCConfigurationList section */
		AD97DBE01B5F2BB7003B864F /* Build configuration list for PBXProject "QMClient" */ = {
			isa = XCConfigurationList;
			buildConfigurations = (
				AD97DC001B5F2BB7003B864F /* Debug */,
				AD97DC011B5F2BB7003B864F /* Release */,
			);
			defaultConfigurationIsVisible = 0;
			defaultConfigurationName = Release;
		};
		AD97DC021B5F2BB7003B864F /* Build configuration list for PBXNativeTarget "QMClient" */ = {
			isa = XCConfigurationList;
			buildConfigurations = (
				AD97DC031B5F2BB7003B864F /* Debug */,
				AD97DC041B5F2BB7003B864F /* Release */,
			);
			defaultConfigurationIsVisible = 0;
			defaultConfigurationName = Release;
		};
		AD97DC051B5F2BB7003B864F /* Build configuration list for PBXNativeTarget "QMClientTests" */ = {
			isa = XCConfigurationList;
			buildConfigurations = (
				AD97DC061B5F2BB7003B864F /* Debug */,
				AD97DC071B5F2BB7003B864F /* Release */,
			);
			defaultConfigurationIsVisible = 0;
			defaultConfigurationName = Release;
		};
/* End XCConfigurationList section */
	};
	rootObject = AD97DBDD1B5F2BB7003B864F /* Project object */;
}
